// !$*UTF8*$!
{
	archiveVersion = 1;
	classes = {
	};
	objectVersion = 77;
	objects = {

/* Begin PBXBuildFile section */
		68948E0D2F868B09008AB2E2 /* project.yml in Resources */ = {isa = PBXBuildFile; fileRef = 68948E0B2F868B09008AB2E2 /* project.yml */; };
		68948E0E2F868B09008AB2E2 /* README.md in Resources */ = {isa = PBXBuildFile; fileRef = 68948E0C2F868B09008AB2E2 /* README.md */; };
		68948E0F2F868B09008AB2E2 /* DivePlannerViewModel.swift in Sources */ = {isa = PBXBuildFile; fileRef = 68948E012F868B09008AB2E2 /* DivePlannerViewModel.swift */; };
		68948E102F868B09008AB2E2 /* ResultsView.swift in Sources */ = {isa = PBXBuildFile; fileRef = 68948E062F868B09008AB2E2 /* ResultsView.swift */; };
		68948E112F868B09008AB2E2 /* DivePlanner.swift in Sources */ = {isa = PBXBuildFile; fileRef = 68948DFB2F868B09008AB2E2 /* DivePlanner.swift */; };
		68948E122F868B09008AB2E2 /* BuhlmannEngine.swift in Sources */ = {isa = PBXBuildFile; fileRef = 68948DFA2F868B09008AB2E2 /* BuhlmannEngine.swift */; };
		68948E132F868B09008AB2E2 /* PlannerView.swift in Sources */ = {isa = PBXBuildFile; fileRef = 68948E042F868B09008AB2E2 /* PlannerView.swift */; };
		68948E142F868B09008AB2E2 /* RepetitiveDiveView.swift in Sources */ = {isa = PBXBuildFile; fileRef = 68948E052F868B09008AB2E2 /* RepetitiveDiveView.swift */; };
		68948E152F868B09008AB2E2 /* ContentView.swift in Sources */ = {isa = PBXBuildFile; fileRef = 68948E032F868B09008AB2E2 /* ContentView.swift */; };
		68948E162F868B09008AB2E2 /* SettingsView.swift in Sources */ = {isa = PBXBuildFile; fileRef = 68948E072F868B09008AB2E2 /* SettingsView.swift */; };
		68948E172F868B09008AB2E2 /* OVMDivePlannerApp.swift in Sources */ = {isa = PBXBuildFile; fileRef = 68948E092F868B09008AB2E2 /* OVMDivePlannerApp.swift */; };
		68948E182F868B09008AB2E2 /* Models.swift in Sources */ = {isa = PBXBuildFile; fileRef = 68948DFD2F868B09008AB2E2 /* Models.swift */; };
		68948E192F868B09008AB2E2 /* SharedComponents.swift in Sources */ = {isa = PBXBuildFile; fileRef = 68948DFF2F868B09008AB2E2 /* SharedComponents.swift */; };
/* End PBXBuildFile section */

/* Begin PBXFileReference section */
		686DBE102F8675AF000D23C2 /* OVMDivePlanner.app */ = {isa = PBXFileReference; explicitFileType = wrapper.application; includeInIndex = 0; path = OVMDivePlanner.app; sourceTree = BUILT_PRODUCTS_DIR; };
		68948DFA2F868B09008AB2E2 /* BuhlmannEngine.swift */ = {isa = PBXFileReference; lastKnownFileType = sourcecode.swift; path = BuhlmannEngine.swift; sourceTree = "<group>"; };
		68948DFB2F868B09008AB2E2 /* DivePlanner.swift */ = {isa = PBXFileReference; lastKnownFileType = sourcecode.swift; path = DivePlanner.swift; sourceTree = "<group>"; };
		68948DFD2F868B09008AB2E2 /* Models.swift */ = {isa = PBXFileReference; lastKnownFileType = sourcecode.swift; path = Models.swift; sourceTree = "<group>"; };
		68948DFF2F868B09008AB2E2 /* SharedComponents.swift */ = {isa = PBXFileReference; lastKnownFileType = sourcecode.swift; path = SharedComponents.swift; sourceTree = "<group>"; };
		68948E012F868B09008AB2E2 /* DivePlannerViewModel.swift */ = {isa = PBXFileReference; lastKnownFileType = sourcecode.swift; path = DivePlannerViewModel.swift; sourceTree = "<group>"; };
		68948E032F868B09008AB2E2 /* ContentView.swift */ = {isa = PBXFileReference; lastKnownFileType = sourcecode.swift; path = ContentView.swift; sourceTree = "<group>"; };
		68948E042F868B09008AB2E2 /* PlannerView.swift */ = {isa = PBXFileReference; lastKnownFileType = sourcecode.swift; path = PlannerView.swift; sourceTree = "<group>"; };
		68948E052F868B09008AB2E2 /* RepetitiveDiveView.swift */ = {isa = PBXFileReference; lastKnownFileType = sourcecode.swift; path = RepetitiveDiveView.swift; sourceTree = "<group>"; };
		68948E062F868B09008AB2E2 /* ResultsView.swift */ = {isa = PBXFileReference; lastKnownFileType = sourcecode.swift; path = ResultsView.swift; sourceTree = "<group>"; };
		68948E072F868B09008AB2E2 /* SettingsView.swift */ = {isa = PBXFileReference; lastKnownFileType = sourcecode.swift; path = SettingsView.swift; sourceTree = "<group>"; };
		68948E092F868B09008AB2E2 /* OVMDivePlannerApp.swift */ = {isa = PBXFileReference; lastKnownFileType = sourcecode.swift; path = OVMDivePlannerApp.swift; sourceTree = "<group>"; };
		68948E0B2F868B09008AB2E2 /* project.yml */ = {isa = PBXFileReference; lastKnownFileType = text.yaml; path = project.yml; sourceTree = "<group>"; };
		68948E0C2F868B09008AB2E2 /* README.md */ = {isa = PBXFileReference; lastKnownFileType = net.daringfireball.markdown; path = README.md; sourceTree = "<group>"; };
/* End PBXFileReference section */

/* Begin PBXFrameworksBuildPhase section */
		686DBE0D2F8675AF000D23C2 /* Frameworks */ = {
			isa = PBXFrameworksBuildPhase;
			buildActionMask = 2147483647;
			files = (
			);
			runOnlyForDeploymentPostprocessing = 0;
		};
/* End PBXFrameworksBuildPhase section */

/* Begin PBXGroup section */
		686DBE072F8675AF000D23C2 = {
			isa = PBXGroup;
			children = (
				68948E0A2F868B09008AB2E2 /* OVMDivePlanner */,
				68948E0B2F868B09008AB2E2 /* project.yml */,
				68948E0C2F868B09008AB2E2 /* README.md */,
				686DBE112F8675AF000D23C2 /* Products */,
			);
			sourceTree = "<group>";
		};
		686DBE112F8675AF000D23C2 /* Products */ = {
			isa = PBXGroup;
			children = (
				686DBE102F8675AF000D23C2 /* OVMDivePlanner.app */,
			);
			name = Products;
			sourceTree = "<group>";
		};
		68948DFC2F868B09008AB2E2 /* Engine */ = {
			isa = PBXGroup;
			children = (
				68948DFA2F868B09008AB2E2 /* BuhlmannEngine.swift */,
				68948DFB2F868B09008AB2E2 /* DivePlanner.swift */,
			);
			path = Engine;
			sourceTree = "<group>";
		};
		68948DFE2F868B09008AB2E2 /* Models */ = {
			isa = PBXGroup;
			children = (
				68948DFD2F868B09008AB2E2 /* Models.swift */,
			);
			path = Models;
			sourceTree = "<group>";
		};
		68948E002F868B09008AB2E2 /* Utils */ = {
			isa = PBXGroup;
			children = (
				68948DFF2F868B09008AB2E2 /* SharedComponents.swift */,
			);
			path = Utils;
			sourceTree = "<group>";
		};
		68948E022F868B09008AB2E2 /* ViewModels */ = {
			isa = PBXGroup;
			children = (
				68948E012F868B09008AB2E2 /* DivePlannerViewModel.swift */,
			);
			path = ViewModels;
			sourceTree = "<group>";
		};
		68948E082F868B09008AB2E2 /* Views */ = {
			isa = PBXGroup;
			children = (
				68948E032F868B09008AB2E2 /* ContentView.swift */,
				68948E042F868B09008AB2E2 /* PlannerView.swift */,
				68948E052F868B09008AB2E2 /* RepetitiveDiveView.swift */,
				68948E062F868B09008AB2E2 /* ResultsView.swift */,
				68948E072F868B09008AB2E2 /* SettingsView.swift */,
			);
			path = Views;
			sourceTree = "<group>";
		};
		68948E0A2F868B09008AB2E2 /* OVMDivePlanner */ = {
			isa = PBXGroup;
			children = (
				68948DFC2F868B09008AB2E2 /* Engine */,
				68948DFE2F868B09008AB2E2 /* Models */,
				68948E002F868B09008AB2E2 /* Utils */,
				68948E022F868B09008AB2E2 /* ViewModels */,
				68948E082F868B09008AB2E2 /* Views */,
				68948E092F868B09008AB2E2 /* OVMDivePlannerApp.swift */,
			);
			path = OVMDivePlanner;
			sourceTree = "<group>";
		};
/* End PBXGroup section */

/* Begin PBXNativeTarget section */
		686DBE0F2F8675AF000D23C2 /* OVMDivePlanner */ = {
			isa = PBXNativeTarget;
			buildConfigurationList = 686DBE1B2F8675B0000D23C2 /* Build configuration list for PBXNativeTarget "OVMDivePlanner" */;
			buildPhases = (
				686DBE0C2F8675AF000D23C2 /* Sources */,
				686DBE0D2F8675AF000D23C2 /* Frameworks */,
				686DBE0E2F8675AF000D23C2 /* Resources */,
			);
			buildRules = (
			);
			dependencies = (
			);
			name = OVMDivePlanner;
			packageProductDependencies = (
			);
			productName = OVMDivePlanner;
			productReference = 686DBE102F8675AF000D23C2 /* OVMDivePlanner.app */;
			productType = "com.apple.product-type.application";
		};
/* End PBXNativeTarget section */

/* Begin PBXProject section */
		686DBE082F8675AF000D23C2 /* Project object */ = {
			isa = PBXProject;
			attributes = {
				BuildIndependentTargetsInParallel = 1;
				LastSwiftUpdateCheck = 2640;
				LastUpgradeCheck = 2640;
				TargetAttributes = {
					686DBE0F2F8675AF000D23C2 = {
						CreatedOnToolsVersion = 26.4;
					};
				};
			};
			buildConfigurationList = 686DBE0B2F8675AF000D23C2 /* Build configuration list for PBXProject "OVMDivePlanner" */;
			developmentRegion = en;
			hasScannedForEncodings = 0;
			knownRegions = (
				en,
				Base,
			);
			mainGroup = 686DBE072F8675AF000D23C2;
			minimizedProjectReferenceProxies = 1;
			preferredProjectObjectVersion = 77;
			productRefGroup = 686DBE112F8675AF000D23C2 /* Products */;
			projectDirPath = "";
			projectRoot = "";
			targets = (
				686DBE0F2F8675AF000D23C2 /* OVMDivePlanner */,
			);
		};
/* End PBXProject section */

/* Begin PBXResourcesBuildPhase section */
		686DBE0E2F8675AF000D23C2 /* Resources */ = {
			isa = PBXResourcesBuildPhase;
			buildActionMask = 2147483647;
			files = (
				68948E0D2F868B09008AB2E2 /* project.yml in Resources */,
				68948E0E2F868B09008AB2E2 /* README.md in Resources */,
			);
			runOnlyForDeploymentPostprocessing = 0;
		};
/* End PBXResourcesBuildPhase section */

/* Begin PBXSourcesBuildPhase section */
		686DBE0C2F8675AF000D23C2 /* Sources */ = {
			isa = PBXSourcesBuildPhase;
			buildActionMask = 2147483647;
			files = (
				68948E0F2F868B09008AB2E2 /* DivePlannerViewModel.swift in Sources */,
				68948E102F868B09008AB2E2 /* ResultsView.swift in Sources */,
				68948E112F868B09008AB2E2 /* DivePlanner.swift in Sources */,
				68948E122F868B09008AB2E2 /* BuhlmannEngine.swift in Sources */,
				68948E132F868B09008AB2E2 /* PlannerView.swift in Sources */,
				68948E142F868B09008AB2E2 /* RepetitiveDiveView.swift in Sources */,
				68948E152F868B09008AB2E2 /* ContentView.swift in Sources */,
				68948E162F868B09008AB2E2 /* SettingsView.swift in Sources */,
				68948E172F868B09008AB2E2 /* OVMDivePlannerApp.swift in Sources */,
				68948E182F868B09008AB2E2 /* Models.swift in Sources */,
				68948E192F868B09008AB2E2 /* SharedComponents.swift in Sources */,
			);
			runOnlyForDeploymentPostprocessing = 0;
		};
/* End PBXSourcesBuildPhase section */

/* Begin XCBuildConfiguration section */
		686DBE192F8675B0000D23C2 /* Debug */ = {
			isa = XCBuildConfiguration;
			buildSettings = {
				ALWAYS_SEARCH_USER_PATHS = NO;
				ASSETCATALOG_COMPILER_GENERATE_SWIFT_ASSET_SYMBOL_EXTENSIONS = YES;
				CLANG_ANALYZER_NONNULL = YES;
				CLANG_ANALYZER_NUMBER_OBJECT_CONVERSION = YES_AGGRESSIVE;
				CLANG_CXX_LANGUAGE_STANDARD = "gnu++20";
				CLANG_ENABLE_MODULES = YES;
				CLANG_ENABLE_OBJC_ARC = YES;
				CLANG_ENABLE_OBJC_WEAK = YES;
				CLANG_WARN_BLOCK_CAPTURE_AUTORELEASING = YES;
				CLANG_WARN_BOOL_CONVERSION = YES;
				CLANG_WARN_COMMA = YES;
				CLANG_WARN_CONSTANT_CONVERSION = YES;
				CLANG_WARN_DEPRECATED_OBJC_IMPLEMENTATIONS = YES;
				CLANG_WARN_DIRECT_OBJC_ISA_USAGE = YES_ERROR;
				CLANG_WARN_DOCUMENTATION_COMMENTS = YES;
				CLANG_WARN_EMPTY_BODY = YES;
				CLANG_WARN_ENUM_CONVERSION = YES;
				CLANG_WARN_INFINITE_RECURSION = YES;
				CLANG_WARN_INT_CONVERSION = YES;
				CLANG_WARN_NON_LITERAL_NULL_CONVERSION = YES;
				CLANG_WARN_OBJC_IMPLICIT_RETAIN_SELF = YES;
				CLANG_WARN_OBJC_LITERAL_CONVERSION = YES;
				CLANG_WARN_OBJC_ROOT_CLASS = YES_ERROR;
				CLANG_WARN_QUOTED_INCLUDE_IN_FRAMEWORK_HEADER = YES;
				CLANG_WARN_RANGE_LOOP_ANALYSIS = YES;
				CLANG_WARN_STRICT_PROTOTYPES = YES;
				CLANG_WARN_SUSPICIOUS_MOVE = YES;
				CLANG_WARN_UNGUARDED_AVAILABILITY = YES_AGGRESSIVE;
				CLANG_WARN_UNREACHABLE_CODE = YES;
				CLANG_WARN__DUPLICATE_METHOD_MATCH = YES;
				COPY_PHASE_STRIP = NO;
				DEBUG_INFORMATION_FORMAT = dwarf;
				DEVELOPMENT_TEAM = DKA242B3QX;
				ENABLE_STRICT_OBJC_MSGSEND = YES;
				ENABLE_TESTABILITY = YES;
				ENABLE_USER_SCRIPT_SANDBOXING = YES;
				GCC_C_LANGUAGE_STANDARD = gnu17;
				GCC_DYNAMIC_NO_PIC = NO;
				GCC_NO_COMMON_BLOCKS = YES;
				GCC_OPTIMIZATION_LEVEL = 0;
				GCC_PREPROCESSOR_DEFINITIONS = (
					"DEBUG=1",
					"$(inherited)",
				);
				GCC_WARN_64_TO_32_BIT_CONVERSION = YES;
				GCC_WARN_ABOUT_RETURN_TYPE = YES_ERROR;
				GCC_WARN_UNDECLARED_SELECTOR = YES;
				GCC_WARN_UNINITIALIZED_AUTOS = YES_AGGRESSIVE;
				GCC_WARN_UNUSED_FUNCTION = YES;
				GCC_WARN_UNUSED_VARIABLE = YES;
				IPHONEOS_DEPLOYMENT_TARGET = 26.4;
				LOCALIZATION_PREFERS_STRING_CATALOGS = YES;
				MTL_ENABLE_DEBUG_INFO = INCLUDE_SOURCE;
				MTL_FAST_MATH = YES;
				ONLY_ACTIVE_ARCH = YES;
				SDKROOT = iphoneos;
				SWIFT_ACTIVE_COMPILATION_CONDITIONS = "DEBUG $(inherited)";
				SWIFT_OPTIMIZATION_LEVEL = "-Onone";
			};
			name = Debug;
		};
		686DBE1A2F8675B0000D23C2 /* Release */ = {
			isa = XCBuildConfiguration;
			buildSettings = {
				ALWAYS_SEARCH_USER_PATHS = NO;
				ASSETCATALOG_COMPILER_GENERATE_SWIFT_ASSET_SYMBOL_EXTENSIONS = YES;
				CLANG_ANALYZER_NONNULL = YES;
				CLANG_ANALYZER_NUMBER_OBJECT_CONVERSION = YES_AGGRESSIVE;
				CLANG_CXX_LANGUAGE_STANDARD = "gnu++20";
				CLANG_ENABLE_MODULES = YES;
				CLANG_ENABLE_OBJC_ARC = YES;
				CLANG_ENABLE_OBJC_WEAK = YES;
				CLANG_WARN_BLOCK_CAPTURE_AUTORELEASING = YES;
				CLANG_WARN_BOOL_CONVERSION = YES;
				CLANG_WARN_COMMA = YES;
				CLANG_WARN_CONSTANT_CONVERSION = YES;
				CLANG_WARN_DEPRECATED_OBJC_IMPLEMENTATIONS = YES;
				CLANG_WARN_DIRECT_OBJC_ISA_USAGE = YES_ERROR;
				CLANG_WARN_DOCUMENTATION_COMMENTS = YES;
				CLANG_WARN_EMPTY_BODY = YES;
				CLANG_WARN_ENUM_CONVERSION = YES;
				CLANG_WARN_INFINITE_RECURSION = YES;
				CLANG_WARN_INT_CONVERSION = YES;
				CLANG_WARN_NON_LITERAL_NULL_CONVERSION = YES;
				CLANG_WARN_OBJC_IMPLICIT_RETAIN_SELF = YES;
				CLANG_WARN_OBJC_LITERAL_CONVERSION = YES;
				CLANG_WARN_OBJC_ROOT_CLASS = YES_ERROR;
				CLANG_WARN_QUOTED_INCLUDE_IN_FRAMEWORK_HEADER = YES;
				CLANG_WARN_RANGE_LOOP_ANALYSIS = YES;
				CLANG_WARN_STRICT_PROTOTYPES = YES;
				CLANG_WARN_SUSPICIOUS_MOVE = YES;
				CLANG_WARN_UNGUARDED_AVAILABILITY = YES_AGGRESSIVE;
				CLANG_WARN_UNREACHABLE_CODE = YES;
				CLANG_WARN__DUPLICATE_METHOD_MATCH = YES;
				COPY_PHASE_STRIP = NO;
				DEBUG_INFORMATION_FORMAT = "dwarf-with-dsym";
				DEVELOPMENT_TEAM = DKA242B3QX;
				ENABLE_NS_ASSERTIONS = NO;
				ENABLE_STRICT_OBJC_MSGSEND = YES;
				ENABLE_USER_SCRIPT_SANDBOXING = YES;
				GCC_C_LANGUAGE_STANDARD = gnu17;
				GCC_NO_COMMON_BLOCKS = YES;
				GCC_WARN_64_TO_32_BIT_CONVERSION = YES;
				GCC_WARN_ABOUT_RETURN_TYPE = YES_ERROR;
				GCC_WARN_UNDECLARED_SELECTOR = YES;
				GCC_WARN_UNINITIALIZED_AUTOS = YES_AGGRESSIVE;
				GCC_WARN_UNUSED_FUNCTION = YES;
				GCC_WARN_UNUSED_VARIABLE = YES;
				IPHONEOS_DEPLOYMENT_TARGET = 26.4;
				LOCALIZATION_PREFERS_STRING_CATALOGS = YES;
				MTL_ENABLE_DEBUG_INFO = NO;
				MTL_FAST_MATH = YES;
				SDKROOT = iphoneos;
				SWIFT_COMPILATION_MODE = wholemodule;
				VALIDATE_PRODUCT = YES;
			};
			name = Release;
		};
		686DBE1C2F8675B0000D23C2 /* Debug */ = {
			isa = XCBuildConfiguration;
			buildSettings = {
				ASSETCATALOG_COMPILER_APPICON_NAME = AppIcon;
				ASSETCATALOG_COMPILER_GLOBAL_ACCENT_COLOR_NAME = AccentColor;
				CODE_SIGN_STYLE = Automatic;
				CURRENT_PROJECT_VERSION = 1;
				DEVELOPMENT_TEAM = DKA242B3QX;
				ENABLE_PREVIEWS = YES;
				GENERATE_INFOPLIST_FILE = YES;
				INFOPLIST_KEY_UIApplicationSceneManifest_Generation = YES;
				INFOPLIST_KEY_UIApplicationSupportsIndirectInputEvents = YES;
				INFOPLIST_KEY_UILaunchScreen_Generation = YES;
				INFOPLIST_KEY_UISupportedInterfaceOrientations_iPad = "UIInterfaceOrientationPortrait UIInterfaceOrientationPortraitUpsideDown UIInterfaceOrientationLandscapeLeft UIInterfaceOrientationLandscapeRight";
				INFOPLIST_KEY_UISupportedInterfaceOrientations_iPhone = "UIInterfaceOrientationPortrait UIInterfaceOrientationLandscapeLeft UIInterfaceOrientationLandscapeRight";
				IPHONEOS_DEPLOYMENT_TARGET = 16.6;
				LD_RUNPATH_SEARCH_PATHS = (
					"$(inherited)",
					"@executable_path/Frameworks",
				);
				MARKETING_VERSION = 1.0;
				PRODUCT_BUNDLE_IDENTIFIER = com.ovm.OVMDivePlanner.OVMDivePlanner;
				PRODUCT_NAME = "$(TARGET_NAME)";
				STRING_CATALOG_GENERATE_SYMBOLS = YES;
				SWIFT_APPROACHABLE_CONCURRENCY = YES;
				SWIFT_DEFAULT_ACTOR_ISOLATION = MainActor;
				SWIFT_EMIT_LOC_STRINGS = YES;
				SWIFT_UPCOMING_FEATURE_MEMBER_IMPORT_VISIBILITY = YES;
				SWIFT_VERSION = 5.0;
				TARGETED_DEVICE_FAMILY = "1,2";
			};
			name = Debug;
		};
		686DBE1D2F8675B0000D23C2 /* Release */ = {
			isa = XCBuildConfiguration;
			buildSettings = {
				ASSETCATALOG_COMPILER_APPICON_NAME = AppIcon;
				ASSETCATALOG_COMPILER_GLOBAL_ACCENT_COLOR_NAME = AccentColor;
				CODE_SIGN_STYLE = Automatic;
				CURRENT_PROJECT_VERSION = 1;
				DEVELOPMENT_TEAM = DKA242B3QX;
				ENABLE_PREVIEWS = YES;
				GENERATE_INFOPLIST_FILE = YES;
				INFOPLIST_KEY_UIApplicationSceneManifest_Generation = YES;
				INFOPLIST_KEY_UIApplicationSupportsIndirectInputEvents = YES;
				INFOPLIST_KEY_UILaunchScreen_Generation = YES;
				INFOPLIST_KEY_UISupportedInterfaceOrientations_iPad = "UIInterfaceOrientationPortrait UIInterfaceOrientationPortraitUpsideDown UIInterfaceOrientationLandscapeLeft UIInterfaceOrientationLandscapeRight";
				INFOPLIST_KEY_UISupportedInterfaceOrientations_iPhone = "UIInterfaceOrientationPortrait UIInterfaceOrientationLandscapeLeft UIInterfaceOrientationLandscapeRight";
				IPHONEOS_DEPLOYMENT_TARGET = 16.6;
				LD_RUNPATH_SEARCH_PATHS = (
					"$(inherited)",
					"@executable_path/Frameworks",
				);
				MARKETING_VERSION = 1.0;
				PRODUCT_BUNDLE_IDENTIFIER = com.ovm.OVMDivePlanner.OVMDivePlanner;
				PRODUCT_NAME = "$(TARGET_NAME)";
				STRING_CATALOG_GENERATE_SYMBOLS = YES;
				SWIFT_APPROACHABLE_CONCURRENCY = YES;
				SWIFT_DEFAULT_ACTOR_ISOLATION = MainActor;
				SWIFT_EMIT_LOC_STRINGS = YES;
				SWIFT_UPCOMING_FEATURE_MEMBER_IMPORT_VISIBILITY = YES;
				SWIFT_VERSION = 5.0;
				TARGETED_DEVICE_FAMILY = "1,2";
			};
			name = Release;
		};
/* End XCBuildConfiguration section */

/* Begin XCConfigurationList section */
		686DBE0B2F8675AF000D23C2 /* Build configuration list for PBXProject "OVMDivePlanner" */ = {
			isa = XCConfigurationList;
			buildConfigurations = (
				686DBE192F8675B0000D23C2 /* Debug */,
				686DBE1A2F8675B0000D23C2 /* Release */,
			);
			defaultConfigurationIsVisible = 0;
			defaultConfigurationName = Release;
		};
		686DBE1B2F8675B0000D23C2 /* Build configuration list for PBXNativeTarget "OVMDivePlanner" */ = {
			isa = XCConfigurationList;
			buildConfigurations = (
				686DBE1C2F8675B0000D23C2 /* Debug */,
				686DBE1D2F8675B0000D23C2 /* Release */,
			);
			defaultConfigurationIsVisible = 0;
			defaultConfigurationName = Release;
		};
/* End XCConfigurationList section */
	};
	rootObject = 686DBE082F8675AF000D23C2 /* Project object */;
}
